
Microsoft Visual Studio Solution File, Format Version 12.00
# Visual Studio 15
Project("{FAE04EC0-301F-11D3-BF4B-00C04F79EFBC}") = "UnityEngine.TestRunner", "UnityEngine.TestRunner.csproj", "{BB85331F-71AA-2FCE-B0FF-B448D3A6CFA2}"
EndProject
Project("{FAE04EC0-301F-11D3-BF4B-00C04F79EFBC}") = "Unity.2D.Animation.Triangle.Runtime", "Unity.2D.Animation.Triangle.Runtime.csproj", "{C933BA73-DB8C-DB8E-588B-CFB97E2A5ED9}"
EndProject
Project("{FAE04EC0-301F-11D3-BF4B-00C04F79EFBC}") = "UnityEngine.UI", "UnityEngine.UI.csproj", "{6B2EAEC1-0A17-284A-FB79-8A2B54C41A26}"
EndProject
Project("{FAE04EC0-301F-11D3-BF4B-00C04F79EFBC}") = "Unity.TextMeshPro", "Unity.TextMeshPro.csproj", "{084BC3B7-7A75-8C91-5CA0-FFD5E3092ADB}"
EndProject
Project("{FAE04EC0-301F-11D3-BF4B-00C04F79EFBC}") = "Unity.2D.Animation.Runtime", "Unity.2D.Animation.Runtime.csproj", "{23943C90-BD48-6677-08D6-80BC16D035D7}"
EndProject
Project("{FAE04EC0-301F-11D3-BF4B-00C04F79EFBC}") = "Unity.Timeline", "Unity.Timeline.csproj", "{6E99D08A-BCAF-BE56-6CE1-B1A72520008E}"
EndProject
Project("{FAE04EC0-301F-11D3-BF4B-00C04F79EFBC}") = "Cinemachine", "Cinemachine.csproj", "{CDA05DE3-B7D8-5CC5-ACB3-96C179002AA3}"
EndProject
Project("{FAE04EC0-301F-11D3-BF4B-00C04F79EFBC}") = "Unity.Mathematics", "Unity.Mathematics.csproj", "{2A7161DA-B60E-73F5-9BE8-BC087F411D4E}"
EndProject
Project("{FAE04EC0-301F-11D3-BF4B-00C04F79EFBC}") = "Unity.2D.SpriteShape.Runtime", "Unity.2D.SpriteShape.Runtime.csproj", "{F966304A-2731-13C5-F5F2-28E0B60F911F}"
EndProject
Project("{FAE04EC0-301F-11D3-BF4B-00C04F79EFBC}") = "Assembly-CSharp", "Assembly-CSharp.csproj", "{2CDF134C-2D3B-8593-836A-95DAB0A00DB0}"
EndProject
Project("{FAE04EC0-301F-11D3-BF4B-00C04F79EFBC}") = "Unity.2D.PixelPerfect", "Unity.2D.PixelPerfect.csproj", "{F861C68D-4648-ED38-F096-B475BA4B9259}"
EndProject
Project("{FAE04EC0-301F-11D3-BF4B-00C04F79EFBC}") = "Unity.InternalAPIEngineBridge.001", "Unity.InternalAPIEngineBridge.001.csproj", "{0F0953F7-B3FA-C97C-5EEA-5AD85717BFA2}"
EndProject
Project("{FAE04EC0-301F-11D3-BF4B-00C04F79EFBC}") = "Unity.2D.Common.Runtime", "Unity.2D.Common.Runtime.csproj", "{23D158DF-D024-9607-BAE0-AF81DC8163BF}"
EndProject
Project("{FAE04EC0-301F-11D3-BF4B-00C04F79EFBC}") = "AstarPathfindingProject", "AstarPathfindingProject.csproj", "{B5891284-7BB0-8613-1451-7CF7ABC18C85}"
EndProject
Project("{FAE04EC0-301F-11D3-BF4B-00C04F79EFBC}") = "Unity.TextMeshPro.Editor", "Unity.TextMeshPro.Editor.csproj", "{9F56575E-D7BF-52D5-D2DD-75FD6E8E19B6}"
EndProject
Project("{FAE04EC0-301F-11D3-BF4B-00C04F79EFBC}") = "Unity.Timeline.Editor", "Unity.Timeline.Editor.csproj", "{563ABB74-E28B-7AF7-66F4-115D02BD98A7}"
EndProject
Project("{FAE04EC0-301F-11D3-BF4B-00C04F79EFBC}") = "Unity.CollabProxy.Editor", "Unity.CollabProxy.Editor.csproj", "{758F2F2B-3BA4-6CAB-EAB7-5F02D56B7117}"
EndProject
Project("{FAE04EC0-301F-11D3-BF4B-00C04F79EFBC}") = "UnityEditor.TestRunner", "UnityEditor.TestRunner.csproj", "{105AB530-4A7D-7DC8-AFE7-B57C29C9097D}"
EndProject
Project("{FAE04EC0-301F-11D3-BF4B-00C04F79EFBC}") = "Unity.2D.Animation.Editor", "Unity.2D.Animation.Editor.csproj", "{3DB32EFE-CC0A-5A1A-FC26-68A58AA8E674}"
EndProject
Project("{FAE04EC0-301F-11D3-BF4B-00C04F79EFBC}") = "Unity.2D.Path.Editor", "Unity.2D.Path.Editor.csproj", "{9C4AA44E-54F2-21A8-D4D5-9FAC11771FA5}"
EndProject
Project("{FAE04EC0-301F-11D3-BF4B-00C04F79EFBC}") = "Unity.2D.Sprite.Editor", "Unity.2D.Sprite.Editor.csproj", "{9BC1C2CE-1956-A419-F760-B691D80B0CB2}"
EndProject
Project("{FAE04EC0-301F-11D3-BF4B-00C04F79EFBC}") = "com.unity.cinemachine.editor", "com.unity.cinemachine.editor.csproj", "{4EF82940-50AE-F5F5-A8FA-431725AFE5E9}"
EndProject
Project("{FAE04EC0-301F-11D3-BF4B-00C04F79EFBC}") = "UnityEditor.UI", "UnityEditor.UI.csproj", "{5733D6E2-748F-19D1-1BB6-896586C47074}"
EndProject
Project("{FAE04EC0-301F-11D3-BF4B-00C04F79EFBC}") = "Unity.Rider.Editor", "Unity.Rider.Editor.csproj", "{8C3AD755-2454-9409-339A-A490B2C9143C}"
EndProject
Project("{FAE04EC0-301F-11D3-BF4B-00C04F79EFBC}") = "Unity.2D.Tilemap.Editor", "Unity.2D.Tilemap.Editor.csproj", "{8903A7CD-961C-777B-9159-958FED92D64C}"
EndProject
Project("{FAE04EC0-301F-11D3-BF4B-00C04F79EFBC}") = "Unity.VisualStudio.Editor", "Unity.VisualStudio.Editor.csproj", "{3BB1C518-580E-E914-49FB-0D7F8EC6E4C9}"
EndProject
Project("{FAE04EC0-301F-11D3-BF4B-00C04F79EFBC}") = "Unity.2D.SpriteShape.Editor", "Unity.2D.SpriteShape.Editor.csproj", "{E0006046-A71A-047E-443E-36D94EEB9CF5}"
EndProject
Project("{FAE04EC0-301F-11D3-BF4B-00C04F79EFBC}") = "PsdPlugin", "PsdPlugin.csproj", "{572A8FF2-CD5F-04E7-AC46-7BBDC6FA2517}"
EndProject
Project("{FAE04EC0-301F-11D3-BF4B-00C04F79EFBC}") = "Unity.2D.Common.Editor", "Unity.2D.Common.Editor.csproj", "{C0A4CD04-FF4C-45E2-5C1B-F6FA4B7647D7}"
EndProject
Project("{FAE04EC0-301F-11D3-BF4B-00C04F79EFBC}") = "Unity.VSCode.Editor", "Unity.VSCode.Editor.csproj", "{0C30248C-BF66-0D65-1E4F-90FAEF1B0D4A}"
EndProject
Project("{FAE04EC0-301F-11D3-BF4B-00C04F79EFBC}") = "Unity.2D.Psdimporter.Editor", "Unity.2D.Psdimporter.Editor.csproj", "{2AEAD84B-FC80-EE71-1676-CE339F8B2D5B}"
EndProject
Project("{FAE04EC0-301F-11D3-BF4B-00C04F79EFBC}") = "Unity.2D.PixelPerfect.Editor", "Unity.2D.PixelPerfect.Editor.csproj", "{F9EF28A7-9448-7A29-D50F-E5D20B94236E}"
EndProject
Project("{FAE04EC0-301F-11D3-BF4B-00C04F79EFBC}") = "Unity.Mathematics.Editor", "Unity.Mathematics.Editor.csproj", "{BBB97745-0DC7-AA45-2B88-F56A7BF0488E}"
EndProject
Project("{FAE04EC0-301F-11D3-BF4B-00C04F79EFBC}") = "Unity.InternalAPIEditorBridge.001", "Unity.InternalAPIEditorBridge.001.csproj", "{B11EF233-12F6-FC97-B2F8-D4D79E617BAD}"
EndProject
Project("{FAE04EC0-301F-11D3-BF4B-00C04F79EFBC}") = "AstarPathfindingProjectEditor", "AstarPathfindingProjectEditor.csproj", "{B81AE87E-3493-3D8F-0736-3980814E3BF7}"
EndProject
Project("{FAE04EC0-301F-11D3-BF4B-00C04F79EFBC}") = "PackageToolsEditor", "PackageToolsEditor.csproj", "{253AD21A-5CA8-FB84-E089-907FE156600A}"
EndProject
Project("{FAE04EC0-301F-11D3-BF4B-00C04F79EFBC}") = "UnityEngine.TestRunner", "UnityEngine.TestRunner.Player.csproj", "{04E9F2AF-3582-BDFE-A077-C8911AC1357C}"
EndProject
Project("{FAE04EC0-301F-11D3-BF4B-00C04F79EFBC}") = "Unity.2D.Animation.Triangle.Runtime", "Unity.2D.Animation.Triangle.Runtime.Player.csproj", "{F74EDFA1-9991-38AE-04DC-00A3CDA04728}"
EndProject
Project("{FAE04EC0-301F-11D3-BF4B-00C04F79EFBC}") = "UnityEngine.UI", "UnityEngine.UI.Player.csproj", "{EFAE0236-8248-70F4-45D6-4B88D5850502}"
EndProject
Project("{FAE04EC0-301F-11D3-BF4B-00C04F79EFBC}") = "Unity.TextMeshPro", "Unity.TextMeshPro.Player.csproj", "{2AD12E69-7A68-506B-02DD-40C611214734}"
EndProject
Project("{FAE04EC0-301F-11D3-BF4B-00C04F79EFBC}") = "Unity.2D.Animation.Runtime", "Unity.2D.Animation.Runtime.Player.csproj", "{852CF483-9051-FBEC-B05E-05F909804ED3}"
EndProject
Project("{FAE04EC0-301F-11D3-BF4B-00C04F79EFBC}") = "Unity.Timeline", "Unity.Timeline.Player.csproj", "{23EA5B1F-C652-C087-77F3-B06D5E0EB362}"
EndProject
Project("{FAE04EC0-301F-11D3-BF4B-00C04F79EFBC}") = "Cinemachine", "Cinemachine.Player.csproj", "{5CE4304F-1D8A-D3FC-3BDA-841AA4B1F43C}"
EndProject
Project("{FAE04EC0-301F-11D3-BF4B-00C04F79EFBC}") = "Unity.Mathematics", "Unity.Mathematics.Player.csproj", "{D86047AE-2EB9-E5F6-AA5C-43731FC6AB0F}"
EndProject
Project("{FAE04EC0-301F-11D3-BF4B-00C04F79EFBC}") = "Unity.2D.SpriteShape.Runtime", "Unity.2D.SpriteShape.Runtime.Player.csproj", "{6BBC27E3-AD9D-6187-46CF-FFB35DBB8009}"
EndProject
Project("{FAE04EC0-301F-11D3-BF4B-00C04F79EFBC}") = "Assembly-CSharp", "Assembly-CSharp.Player.csproj", "{C97362D8-DC17-9176-A316-581CACFBCDD6}"
EndProject
Project("{FAE04EC0-301F-11D3-BF4B-00C04F79EFBC}") = "Unity.2D.PixelPerfect", "Unity.2D.PixelPerfect.Player.csproj", "{A8335421-FD3D-FDEB-02A1-CD53A01B55F7}"
EndProject
Project("{FAE04EC0-301F-11D3-BF4B-00C04F79EFBC}") = "Unity.InternalAPIEngineBridge.001", "Unity.InternalAPIEngineBridge.001.Player.csproj", "{B5B7D083-E58C-FD72-3310-B04D0A283D2D}"
EndProject
Project("{FAE04EC0-301F-11D3-BF4B-00C04F79EFBC}") = "Unity.2D.Common.Runtime", "Unity.2D.Common.Runtime.Player.csproj", "{7C7EEA50-9C54-96DA-01E1-7899FA98E1C3}"
EndProject
Project("{FAE04EC0-301F-11D3-BF4B-00C04F79EFBC}") = "AstarPathfindingProject", "AstarPathfindingProject.Player.csproj", "{8D4C4141-55AE-02BA-ED37-7B3A0059DF01}"
EndProject
Global
	GlobalSection(SolutionConfigurationPlatforms) = preSolution
		Debug|Any CPU = Debug|Any CPU
		Release|Any CPU = Release|Any CPU
	EndGlobalSection
	GlobalSection(ProjectConfigurationPlatforms) = postSolution
		{BB85331F-71AA-2FCE-B0FF-B448D3A6CFA2}.Debug|Any CPU.ActiveCfg = Debug|Any CPU
		{BB85331F-71AA-2FCE-B0FF-B448D3A6CFA2}.Debug|Any CPU.Build.0 = Debug|Any CPU
		{BB85331F-71AA-2FCE-B0FF-B448D3A6CFA2}.Release|Any CPU.ActiveCfg = Release|Any CPU
		{BB85331F-71AA-2FCE-B0FF-B448D3A6CFA2}.Release|Any CPU.Build.0 = Release|Any CPU
		{C933BA73-DB8C-DB8E-588B-CFB97E2A5ED9}.Debug|Any CPU.ActiveCfg = Debug|Any CPU
		{C933BA73-DB8C-DB8E-588B-CFB97E2A5ED9}.Debug|Any CPU.Build.0 = Debug|Any CPU
		{C933BA73-DB8C-DB8E-588B-CFB97E2A5ED9}.Release|Any CPU.ActiveCfg = Release|Any CPU
		{C933BA73-DB8C-DB8E-588B-CFB97E2A5ED9}.Release|Any CPU.Build.0 = Release|Any CPU
		{6B2EAEC1-0A17-284A-FB79-8A2B54C41A26}.Debug|Any CPU.ActiveCfg = Debug|Any CPU
		{6B2EAEC1-0A17-284A-FB79-8A2B54C41A26}.Debug|Any CPU.Build.0 = Debug|Any CPU
		{6B2EAEC1-0A17-284A-FB79-8A2B54C41A26}.Release|Any CPU.ActiveCfg = Release|Any CPU
		{6B2EAEC1-0A17-284A-FB79-8A2B54C41A26}.Release|Any CPU.Build.0 = Release|Any CPU
		{084BC3B7-7A75-8C91-5CA0-FFD5E3092ADB}.Debug|Any CPU.ActiveCfg = Debug|Any CPU
		{084BC3B7-7A75-8C91-5CA0-FFD5E3092ADB}.Debug|Any CPU.Build.0 = Debug|Any CPU
		{084BC3B7-7A75-8C91-5CA0-FFD5E3092ADB}.Release|Any CPU.ActiveCfg = Release|Any CPU
		{084BC3B7-7A75-8C91-5CA0-FFD5E3092ADB}.Release|Any CPU.Build.0 = Release|Any CPU
		{23943C90-BD48-6677-08D6-80BC16D035D7}.Debug|Any CPU.ActiveCfg = Debug|Any CPU
		{23943C90-BD48-6677-08D6-80BC16D035D7}.Debug|Any CPU.Build.0 = Debug|Any CPU
		{23943C90-BD48-6677-08D6-80BC16D035D7}.Release|Any CPU.ActiveCfg = Release|Any CPU
		{23943C90-BD48-6677-08D6-80BC16D035D7}.Release|Any CPU.Build.0 = Release|Any CPU
		{6E99D08A-BCAF-BE56-6CE1-B1A72520008E}.Debug|Any CPU.ActiveCfg = Debug|Any CPU
		{6E99D08A-BCAF-BE56-6CE1-B1A72520008E}.Debug|Any CPU.Build.0 = Debug|Any CPU
		{6E99D08A-BCAF-BE56-6CE1-B1A72520008E}.Release|Any CPU.ActiveCfg = Release|Any CPU
		{6E99D08A-BCAF-BE56-6CE1-B1A72520008E}.Release|Any CPU.Build.0 = Release|Any CPU
		{CDA05DE3-B7D8-5CC5-ACB3-96C179002AA3}.Debug|Any CPU.ActiveCfg = Debug|Any CPU
		{CDA05DE3-B7D8-5CC5-ACB3-96C179002AA3}.Debug|Any CPU.Build.0 = Debug|Any CPU
		{CDA05DE3-B7D8-5CC5-ACB3-96C179002AA3}.Release|Any CPU.ActiveCfg = Release|Any CPU
		{CDA05DE3-B7D8-5CC5-ACB3-96C179002AA3}.Release|Any CPU.Build.0 = Release|Any CPU
		{2A7161DA-B60E-73F5-9BE8-BC087F411D4E}.Debug|Any CPU.ActiveCfg = Debug|Any CPU
		{2A7161DA-B60E-73F5-9BE8-BC087F411D4E}.Debug|Any CPU.Build.0 = Debug|Any CPU
		{2A7161DA-B60E-73F5-9BE8-BC087F411D4E}.Release|Any CPU.ActiveCfg = Release|Any CPU
		{2A7161DA-B60E-73F5-9BE8-BC087F411D4E}.Release|Any CPU.Build.0 = Release|Any CPU
		{F966304A-2731-13C5-F5F2-28E0B60F911F}.Debug|Any CPU.ActiveCfg = Debug|Any CPU
		{F966304A-2731-13C5-F5F2-28E0B60F911F}.Debug|Any CPU.Build.0 = Debug|Any CPU
		{F966304A-2731-13C5-F5F2-28E0B60F911F}.Release|Any CPU.ActiveCfg = Release|Any CPU
		{F966304A-2731-13C5-F5F2-28E0B60F911F}.Release|Any CPU.Build.0 = Release|Any CPU
		{2CDF134C-2D3B-8593-836A-95DAB0A00DB0}.Debug|Any CPU.ActiveCfg = Debug|Any CPU
		{2CDF134C-2D3B-8593-836A-95DAB0A00DB0}.Debug|Any CPU.Build.0 = Debug|Any CPU
		{2CDF134C-2D3B-8593-836A-95DAB0A00DB0}.Release|Any CPU.ActiveCfg = Release|Any CPU
		{2CDF134C-2D3B-8593-836A-95DAB0A00DB0}.Release|Any CPU.Build.0 = Release|Any CPU
		{F861C68D-4648-ED38-F096-B475BA4B9259}.Debug|Any CPU.ActiveCfg = Debug|Any CPU
		{F861C68D-4648-ED38-F096-B475BA4B9259}.Debug|Any CPU.Build.0 = Debug|Any CPU
		{F861C68D-4648-ED38-F096-B475BA4B9259}.Release|Any CPU.ActiveCfg = Release|Any CPU
		{F861C68D-4648-ED38-F096-B475BA4B9259}.Release|Any CPU.Build.0 = Release|Any CPU
		{0F0953F7-B3FA-C97C-5EEA-5AD85717BFA2}.Debug|Any CPU.ActiveCfg = Debug|Any CPU
		{0F0953F7-B3FA-C97C-5EEA-5AD85717BFA2}.Debug|Any CPU.Build.0 = Debug|Any CPU
		{0F0953F7-B3FA-C97C-5EEA-5AD85717BFA2}.Release|Any CPU.ActiveCfg = Release|Any CPU
		{0F0953F7-B3FA-C97C-5EEA-5AD85717BFA2}.Release|Any CPU.Build.0 = Release|Any CPU
		{23D158DF-D024-9607-BAE0-AF81DC8163BF}.Debug|Any CPU.ActiveCfg = Debug|Any CPU
		{23D158DF-D024-9607-BAE0-AF81DC8163BF}.Debug|Any CPU.Build.0 = Debug|Any CPU
		{23D158DF-D024-9607-BAE0-AF81DC8163BF}.Release|Any CPU.ActiveCfg = Release|Any CPU
		{23D158DF-D024-9607-BAE0-AF81DC8163BF}.Release|Any CPU.Build.0 = Release|Any CPU
		{B5891284-7BB0-8613-1451-7CF7ABC18C85}.Debug|Any CPU.ActiveCfg = Debug|Any CPU
		{B5891284-7BB0-8613-1451-7CF7ABC18C85}.Debug|Any CPU.Build.0 = Debug|Any CPU
		{B5891284-7BB0-8613-1451-7CF7ABC18C85}.Release|Any CPU.ActiveCfg = Release|Any CPU
		{B5891284-7BB0-8613-1451-7CF7ABC18C85}.Release|Any CPU.Build.0 = Release|Any CPU
		{9F56575E-D7BF-52D5-D2DD-75FD6E8E19B6}.Debug|Any CPU.ActiveCfg = Debug|Any CPU
		{9F56575E-D7BF-52D5-D2DD-75FD6E8E19B6}.Debug|Any CPU.Build.0 = Debug|Any CPU
		{9F56575E-D7BF-52D5-D2DD-75FD6E8E19B6}.Release|Any CPU.ActiveCfg = Release|Any CPU
		{9F56575E-D7BF-52D5-D2DD-75FD6E8E19B6}.Release|Any CPU.Build.0 = Release|Any CPU
		{563ABB74-E28B-7AF7-66F4-115D02BD98A7}.Debug|Any CPU.ActiveCfg = Debug|Any CPU
		{563ABB74-E28B-7AF7-66F4-115D02BD98A7}.Debug|Any CPU.Build.0 = Debug|Any CPU
		{563ABB74-E28B-7AF7-66F4-115D02BD98A7}.Release|Any CPU.ActiveCfg = Release|Any CPU
		{563ABB74-E28B-7AF7-66F4-115D02BD98A7}.Release|Any CPU.Build.0 = Release|Any CPU
		{758F2F2B-3BA4-6CAB-EAB7-5F02D56B7117}.Debug|Any CPU.ActiveCfg = Debug|Any CPU
		{758F2F2B-3BA4-6CAB-EAB7-5F02D56B7117}.Debug|Any CPU.Build.0 = Debug|Any CPU
		{758F2F2B-3BA4-6CAB-EAB7-5F02D56B7117}.Release|Any CPU.ActiveCfg = Release|Any CPU
		{758F2F2B-3BA4-6CAB-EAB7-5F02D56B7117}.Release|Any CPU.Build.0 = Release|Any CPU
		{105AB530-4A7D-7DC8-AFE7-B57C29C9097D}.Debug|Any CPU.ActiveCfg = Debug|Any CPU
		{105AB530-4A7D-7DC8-AFE7-B57C29C9097D}.Debug|Any CPU.Build.0 = Debug|Any CPU
		{105AB530-4A7D-7DC8-AFE7-B57C29C9097D}.Release|Any CPU.ActiveCfg = Release|Any CPU
		{105AB530-4A7D-7DC8-AFE7-B57C29C9097D}.Release|Any CPU.Build.0 = Release|Any CPU
		{3DB32EFE-CC0A-5A1A-FC26-68A58AA8E674}.Debug|Any CPU.ActiveCfg = Debug|Any CPU
		{3DB32EFE-CC0A-5A1A-FC26-68A58AA8E674}.Debug|Any CPU.Build.0 = Debug|Any CPU
		{3DB32EFE-CC0A-5A1A-FC26-68A58AA8E674}.Release|Any CPU.ActiveCfg = Release|Any CPU
		{3DB32EFE-CC0A-5A1A-FC26-68A58AA8E674}.Release|Any CPU.Build.0 = Release|Any CPU
		{9C4AA44E-54F2-21A8-D4D5-9FAC11771FA5}.Debug|Any CPU.ActiveCfg = Debug|Any CPU
		{9C4AA44E-54F2-21A8-D4D5-9FAC11771FA5}.Debug|Any CPU.Build.0 = Debug|Any CPU
		{9C4AA44E-54F2-21A8-D4D5-9FAC11771FA5}.Release|Any CPU.ActiveCfg = Release|Any CPU
		{9C4AA44E-54F2-21A8-D4D5-9FAC11771FA5}.Release|Any CPU.Build.0 = Release|Any CPU
		{9BC1C2CE-1956-A419-F760-B691D80B0CB2}.Debug|Any CPU.ActiveCfg = Debug|Any CPU
		{9BC1C2CE-1956-A419-F760-B691D80B0CB2}.Debug|Any CPU.Build.0 = Debug|Any CPU
		{9BC1C2CE-1956-A419-F760-B691D80B0CB2}.Release|Any CPU.ActiveCfg = Release|Any CPU
		{9BC1C2CE-1956-A419-F760-B691D80B0CB2}.Release|Any CPU.Build.0 = Release|Any CPU
		{4EF82940-50AE-F5F5-A8FA-431725AFE5E9}.Debug|Any CPU.ActiveCfg = Debug|Any CPU
		{4EF82940-50AE-F5F5-A8FA-431725AFE5E9}.Debug|Any CPU.Build.0 = Debug|Any CPU
		{4EF82940-50AE-F5F5-A8FA-431725AFE5E9}.Release|Any CPU.ActiveCfg = Release|Any CPU
		{4EF82940-50AE-F5F5-A8FA-431725AFE5E9}.Release|Any CPU.Build.0 = Release|Any CPU
		{5733D6E2-748F-19D1-1BB6-896586C47074}.Debug|Any CPU.ActiveCfg = Debug|Any CPU
		{5733D6E2-748F-19D1-1BB6-896586C47074}.Debug|Any CPU.Build.0 = Debug|Any CPU
		{5733D6E2-748F-19D1-1BB6-896586C47074}.Release|Any CPU.ActiveCfg = Release|Any CPU
		{5733D6E2-748F-19D1-1BB6-896586C47074}.Release|Any CPU.Build.0 = Release|Any CPU
		{8C3AD755-2454-9409-339A-A490B2C9143C}.Debug|Any CPU.ActiveCfg = Debug|Any CPU
		{8C3AD755-2454-9409-339A-A490B2C9143C}.Debug|Any CPU.Build.0 = Debug|Any CPU
		{8C3AD755-2454-9409-339A-A490B2C9143C}.Release|Any CPU.ActiveCfg = Release|Any CPU
		{8C3AD755-2454-9409-339A-A490B2C9143C}.Release|Any CPU.Build.0 = Release|Any CPU
		{8903A7CD-961C-777B-9159-958FED92D64C}.Debug|Any CPU.ActiveCfg = Debug|Any CPU
		{8903A7CD-961C-777B-9159-958FED92D64C}.Debug|Any CPU.Build.0 = Debug|Any CPU
		{8903A7CD-961C-777B-9159-958FED92D64C}.Release|Any CPU.ActiveCfg = Release|Any CPU
		{8903A7CD-961C-777B-9159-958FED92D64C}.Release|Any CPU.Build.0 = Release|Any CPU
		{3BB1C518-580E-E914-49FB-0D7F8EC6E4C9}.Debug|Any CPU.ActiveCfg = Debug|Any CPU
		{3BB1C518-580E-E914-49FB-0D7F8EC6E4C9}.Debug|Any CPU.Build.0 = Debug|Any CPU
		{3BB1C518-580E-E914-49FB-0D7F8EC6E4C9}.Release|Any CPU.ActiveCfg = Release|Any CPU
		{3BB1C518-580E-E914-49FB-0D7F8EC6E4C9}.Release|Any CPU.Build.0 = Release|Any CPU
		{E0006046-A71A-047E-443E-36D94EEB9CF5}.Debug|Any CPU.ActiveCfg = Debug|Any CPU
		{E0006046-A71A-047E-443E-36D94EEB9CF5}.Debug|Any CPU.Build.0 = Debug|Any CPU
		{E0006046-A71A-047E-443E-36D94EEB9CF5}.Release|Any CPU.ActiveCfg = Release|Any CPU
		{E0006046-A71A-047E-443E-36D94EEB9CF5}.Release|Any CPU.Build.0 = Release|Any CPU
		{572A8FF2-CD5F-04E7-AC46-7BBDC6FA2517}.Debug|Any CPU.ActiveCfg = Debug|Any CPU
		{572A8FF2-CD5F-04E7-AC46-7BBDC6FA2517}.Debug|Any CPU.Build.0 = Debug|Any CPU
		{572A8FF2-CD5F-04E7-AC46-7BBDC6FA2517}.Release|Any CPU.ActiveCfg = Release|Any CPU
		{572A8FF2-CD5F-04E7-AC46-7BBDC6FA2517}.Release|Any CPU.Build.0 = Release|Any CPU
		{C0A4CD04-FF4C-45E2-5C1B-F6FA4B7647D7}.Debug|Any CPU.ActiveCfg = Debug|Any CPU
		{C0A4CD04-FF4C-45E2-5C1B-F6FA4B7647D7}.Debug|Any CPU.Build.0 = Debug|Any CPU
		{C0A4CD04-FF4C-45E2-5C1B-F6FA4B7647D7}.Release|Any CPU.ActiveCfg = Release|Any CPU
		{C0A4CD04-FF4C-45E2-5C1B-F6FA4B7647D7}.Release|Any CPU.Build.0 = Release|Any CPU
		{0C30248C-BF66-0D65-1E4F-90FAEF1B0D4A}.Debug|Any CPU.ActiveCfg = Debug|Any CPU
		{0C30248C-BF66-0D65-1E4F-90FAEF1B0D4A}.Debug|Any CPU.Build.0 = Debug|Any CPU
		{0C30248C-BF66-0D65-1E4F-90FAEF1B0D4A}.Release|Any CPU.ActiveCfg = Release|Any CPU
		{0C30248C-BF66-0D65-1E4F-90FAEF1B0D4A}.Release|Any CPU.Build.0 = Release|Any CPU
		{2AEAD84B-FC80-EE71-1676-CE339F8B2D5B}.Debug|Any CPU.ActiveCfg = Debug|Any CPU
		{2AEAD84B-FC80-EE71-1676-CE339F8B2D5B}.Debug|Any CPU.Build.0 = Debug|Any CPU
		{2AEAD84B-FC80-EE71-1676-CE339F8B2D5B}.Release|Any CPU.ActiveCfg = Release|Any CPU
		{2AEAD84B-FC80-EE71-1676-CE339F8B2D5B}.Release|Any CPU.Build.0 = Release|Any CPU
		{F9EF28A7-9448-7A29-D50F-E5D20B94236E}.Debug|Any CPU.ActiveCfg = Debug|Any CPU
		{F9EF28A7-9448-7A29-D50F-E5D20B94236E}.Debug|Any CPU.Build.0 = Debug|Any CPU
		{F9EF28A7-9448-7A29-D50F-E5D20B94236E}.Release|Any CPU.ActiveCfg = Release|Any CPU
		{F9EF28A7-9448-7A29-D50F-E5D20B94236E}.Release|Any CPU.Build.0 = Release|Any CPU
		{BBB97745-0DC7-AA45-2B88-F56A7BF0488E}.Debug|Any CPU.ActiveCfg = Debug|Any CPU
		{BBB97745-0DC7-AA45-2B88-F56A7BF0488E}.Debug|Any CPU.Build.0 = Debug|Any CPU
		{BBB97745-0DC7-AA45-2B88-F56A7BF0488E}.Release|Any CPU.ActiveCfg = Release|Any CPU
		{BBB97745-0DC7-AA45-2B88-F56A7BF0488E}.Release|Any CPU.Build.0 = Release|Any CPU
		{B11EF233-12F6-FC97-B2F8-D4D79E617BAD}.Debug|Any CPU.ActiveCfg = Debug|Any CPU
		{B11EF233-12F6-FC97-B2F8-D4D79E617BAD}.Debug|Any CPU.Build.0 = Debug|Any CPU
		{B11EF233-12F6-FC97-B2F8-D4D79E617BAD}.Release|Any CPU.ActiveCfg = Release|Any CPU
		{B11EF233-12F6-FC97-B2F8-D4D79E617BAD}.Release|Any CPU.Build.0 = Release|Any CPU
		{B81AE87E-3493-3D8F-0736-3980814E3BF7}.Debug|Any CPU.ActiveCfg = Debug|Any CPU
		{B81AE87E-3493-3D8F-0736-3980814E3BF7}.Debug|Any CPU.Build.0 = Debug|Any CPU
		{B81AE87E-3493-3D8F-0736-3980814E3BF7}.Release|Any CPU.ActiveCfg = Release|Any CPU
		{B81AE87E-3493-3D8F-0736-3980814E3BF7}.Release|Any CPU.Build.0 = Release|Any CPU
		{253AD21A-5CA8-FB84-E089-907FE156600A}.Debug|Any CPU.ActiveCfg = Debug|Any CPU
		{253AD21A-5CA8-FB84-E089-907FE156600A}.Debug|Any CPU.Build.0 = Debug|Any CPU
		{253AD21A-5CA8-FB84-E089-907FE156600A}.Release|Any CPU.ActiveCfg = Release|Any CPU
		{253AD21A-5CA8-FB84-E089-907FE156600A}.Release|Any CPU.Build.0 = Release|Any CPU
		{04E9F2AF-3582-BDFE-A077-C8911AC1357C}.Debug|Any CPU.ActiveCfg = Debug|Any CPU
		{04E9F2AF-3582-BDFE-A077-C8911AC1357C}.Debug|Any CPU.Build.0 = Debug|Any CPU
		{04E9F2AF-3582-BDFE-A077-C8911AC1357C}.Release|Any CPU.ActiveCfg = Release|Any CPU
		{04E9F2AF-3582-BDFE-A077-C8911AC1357C}.Release|Any CPU.Build.0 = Release|Any CPU
		{F74EDFA1-9991-38AE-04DC-00A3CDA04728}.Debug|Any CPU.ActiveCfg = Debug|Any CPU
		{F74EDFA1-9991-38AE-04DC-00A3CDA04728}.Debug|Any CPU.Build.0 = Debug|Any CPU
		{F74EDFA1-9991-38AE-04DC-00A3CDA04728}.Release|Any CPU.ActiveCfg = Release|Any CPU
		{F74EDFA1-9991-38AE-04DC-00A3CDA04728}.Release|Any CPU.Build.0 = Release|Any CPU
		{EFAE0236-8248-70F4-45D6-4B88D5850502}.Debug|Any CPU.ActiveCfg = Debug|Any CPU
		{EFAE0236-8248-70F4-45D6-4B88D5850502}.Debug|Any CPU.Build.0 = Debug|Any CPU
		{EFAE0236-8248-70F4-45D6-4B88D5850502}.Release|Any CPU.ActiveCfg = Release|Any CPU
		{EFAE0236-8248-70F4-45D6-4B88D5850502}.Release|Any CPU.Build.0 = Release|Any CPU
		{2AD12E69-7A68-506B-02DD-40C611214734}.Debug|Any CPU.ActiveCfg = Debug|Any CPU
		{2AD12E69-7A68-506B-02DD-40C611214734}.Debug|Any CPU.Build.0 = Debug|Any CPU
		{2AD12E69-7A68-506B-02DD-40C611214734}.Release|Any CPU.ActiveCfg = Release|Any CPU
		{2AD12E69-7A68-506B-02DD-40C611214734}.Release|Any CPU.Build.0 = Release|Any CPU
		{852CF483-9051-FBEC-B05E-05F909804ED3}.Debug|Any CPU.ActiveCfg = Debug|Any CPU
		{852CF483-9051-FBEC-B05E-05F909804ED3}.Debug|Any CPU.Build.0 = Debug|Any CPU
		{852CF483-9051-FBEC-B05E-05F909804ED3}.Release|Any CPU.ActiveCfg = Release|Any CPU
		{852CF483-9051-FBEC-B05E-05F909804ED3}.Release|Any CPU.Build.0 = Release|Any CPU
		{23EA5B1F-C652-C087-77F3-B06D5E0EB362}.Debug|Any CPU.ActiveCfg = Debug|Any CPU
		{23EA5B1F-C652-C087-77F3-B06D5E0EB362}.Debug|Any CPU.Build.0 = Debug|Any CPU
		{23EA5B1F-C652-C087-77F3-B06D5E0EB362}.Release|Any CPU.ActiveCfg = Release|Any CPU
		{23EA5B1F-C652-C087-77F3-B06D5E0EB362}.Release|Any CPU.Build.0 = Release|Any CPU
		{5CE4304F-1D8A-D3FC-3BDA-841AA4B1F43C}.Debug|Any CPU.ActiveCfg = Debug|Any CPU
		{5CE4304F-1D8A-D3FC-3BDA-841AA4B1F43C}.Debug|Any CPU.Build.0 = Debug|Any CPU
		{5CE4304F-1D8A-D3FC-3BDA-841AA4B1F43C}.Release|Any CPU.ActiveCfg = Release|Any CPU
		{5CE4304F-1D8A-D3FC-3BDA-841AA4B1F43C}.Release|Any CPU.Build.0 = Release|Any CPU
		{D86047AE-2EB9-E5F6-AA5C-43731FC6AB0F}.Debug|Any CPU.ActiveCfg = Debug|Any CPU
		{D86047AE-2EB9-E5F6-AA5C-43731FC6AB0F}.Debug|Any CPU.Build.0 = Debug|Any CPU
		{D86047AE-2EB9-E5F6-AA5C-43731FC6AB0F}.Release|Any CPU.ActiveCfg = Release|Any CPU
		{D86047AE-2EB9-E5F6-AA5C-43731FC6AB0F}.Release|Any CPU.Build.0 = Release|Any CPU
		{6BBC27E3-AD9D-6187-46CF-FFB35DBB8009}.Debug|Any CPU.ActiveCfg = Debug|Any CPU
		{6BBC27E3-AD9D-6187-46CF-FFB35DBB8009}.Debug|Any CPU.Build.0 = Debug|Any CPU
		{6BBC27E3-AD9D-6187-46CF-FFB35DBB8009}.Release|Any CPU.ActiveCfg = Release|Any CPU
		{6BBC27E3-AD9D-6187-46CF-FFB35DBB8009}.Release|Any CPU.Build.0 = Release|Any CPU
		{C97362D8-DC17-9176-A316-581CACFBCDD6}.Debug|Any CPU.ActiveCfg = Debug|Any CPU
		{C97362D8-DC17-9176-A316-581CACFBCDD6}.Debug|Any CPU.Build.0 = Debug|Any CPU
		{C97362D8-DC17-9176-A316-581CACFBCDD6}.Release|Any CPU.ActiveCfg = Release|Any CPU
		{C97362D8-DC17-9176-A316-581CACFBCDD6}.Release|Any CPU.Build.0 = Release|Any CPU
		{A8335421-FD3D-FDEB-02A1-CD53A01B55F7}.Debug|Any CPU.ActiveCfg = Debug|Any CPU
		{A8335421-FD3D-FDEB-02A1-CD53A01B55F7}.Debug|Any CPU.Build.0 = Debug|Any CPU
		{A8335421-FD3D-FDEB-02A1-CD53A01B55F7}.Release|Any CPU.ActiveCfg = Release|Any CPU
		{A8335421-FD3D-FDEB-02A1-CD53A01B55F7}.Release|Any CPU.Build.0 = Release|Any CPU
		{B5B7D083-E58C-FD72-3310-B04D0A283D2D}.Debug|Any CPU.ActiveCfg = Debug|Any CPU
		{B5B7D083-E58C-FD72-3310-B04D0A283D2D}.Debug|Any CPU.Build.0 = Debug|Any CPU
		{B5B7D083-E58C-FD72-3310-B04D0A283D2D}.Release|Any CPU.ActiveCfg = Release|Any CPU
		{B5B7D083-E58C-FD72-3310-B04D0A283D2D}.Release|Any CPU.Build.0 = Release|Any CPU
		{7C7EEA50-9C54-96DA-01E1-7899FA98E1C3}.Debug|Any CPU.ActiveCfg = Debug|Any CPU
		{7C7EEA50-9C54-96DA-01E1-7899FA98E1C3}.Debug|Any CPU.Build.0 = Debug|Any CPU
		{7C7EEA50-9C54-96DA-01E1-7899FA98E1C3}.Release|Any CPU.ActiveCfg = Release|Any CPU
		{7C7EEA50-9C54-96DA-01E1-7899FA98E1C3}.Release|Any CPU.Build.0 = Release|Any CPU
		{8D4C4141-55AE-02BA-ED37-7B3A0059DF01}.Debug|Any CPU.ActiveCfg = Debug|Any CPU
		{8D4C4141-55AE-02BA-ED37-7B3A0059DF01}.Debug|Any CPU.Build.0 = Debug|Any CPU
		{8D4C4141-55AE-02BA-ED37-7B3A0059DF01}.Release|Any CPU.ActiveCfg = Release|Any CPU
		{8D4C4141-55AE-02BA-ED37-7B3A0059DF01}.Release|Any CPU.Build.0 = Release|Any CPU
	EndGlobalSection
	GlobalSection(SolutionProperties) = preSolution
		HideSolutionNode = FALSE
	EndGlobalSection
EndGlobal
